
Microsoft Visual Studio Solution File, Format Version 12.00
# Visual Studio Version 16
VisualStudioVersion = 16.0.29709.97
MinimumVisualStudioVersion = 10.0.40219.1
Project("{9A19103F-16F7-4668-BE54-9A1E7A4F7556}") = "560Data", "560\560Data.csproj", "{C974F54A-A8C3-4FD1-A31C-B91C82D5E5B5}"
EndProject
Project("{2150E333-8FDC-42A3-9474-1A3956D46DE8}") = "SolutionsItem", "SolutionsItem", "{4840F9DF-0650-4FA2-915F-1EF9E25E566F}"
	ProjectSection(SolutionItems) = preProject
		RebuildDatabase.ps1 = RebuildDatabase.ps1
	EndProjectSection
EndProject
Global
	GlobalSection(SolutionConfigurationPlatforms) = preSolution
		Debug|Any CPU = Debug|Any CPU
		Release|Any CPU = Release|Any CPU
	EndGlobalSection
	GlobalSection(ProjectConfigurationPlatforms) = postSolution
		{C974F54A-A8C3-4FD1-A31C-B91C82D5E5B5}.Debug|Any CPU.ActiveCfg = Debug|Any CPU
		{C974F54A-A8C3-4FD1-A31C-B91C82D5E5B5}.Debug|Any CPU.Build.0 = Debug|Any CPU
		{C974F54A-A8C3-4FD1-A31C-B91C82D5E5B5}.Release|Any CPU.ActiveCfg = Release|Any CPU
		{C974F54A-A8C3-4FD1-A31C-B91C82D5E5B5}.Release|Any CPU.Build.0 = Release|Any CPU
	EndGlobalSection
	GlobalSection(SolutionProperties) = preSolution
		HideSolutionNode = FALSE
	EndGlobalSection
	GlobalSection(ExtensibilityGlobals) = postSolution
		SolutionGuid = {982A19E0-62B9-404C-8CCB-E4CFFD1C731B}
	EndGlobalSection
EndGlobal
